// !$*UTF8*$!
{
	archiveVersion = 1;
	classes = {
	};
	objectVersion = 46;
	objects = {

/* Begin PBXBuildFile section */
		A59C7CB81B79F20E00EE41D9 /* AppDelegate.m in Sources */ = {isa = PBXBuildFile; fileRef = A59C7CB71B79F20E00EE41D9 /* AppDelegate.m */; };
		A59C7CBA1B79F20E00EE41D9 /* main.m in Sources */ = {isa = PBXBuildFile; fileRef = A59C7CB91B79F20E00EE41D9 /* main.m */; };
		A59C7CBC1B79F20E00EE41D9 /* Images.xcassets in Resources */ = {isa = PBXBuildFile; fileRef = A59C7CBB1B79F20E00EE41D9 /* Images.xcassets */; };
		A59C7CBF1B79F20E00EE41D9 /* MainMenu.xib in Resources */ = {isa = PBXBuildFile; fileRef = A59C7CBD1B79F20E00EE41D9 /* MainMenu.xib */; };
		A59C7CCB1B79F20F00EE41D9 /* TwittertyTests.m in Sources */ = {isa = PBXBuildFile; fileRef = A59C7CCA1B79F20F00EE41D9 /* TwittertyTests.m */; };
/* End PBXBuildFile section */

/* Begin PBXContainerItemProxy section */
		A59C7CC51B79F20F00EE41D9 /* PBXContainerItemProxy */ = {
			isa = PBXContainerItemProxy;
			containerPortal = A59C7CA91B79F20E00EE41D9 /* Project object */;
			proxyType = 1;
			remoteGlobalIDString = A59C7CB01B79F20E00EE41D9;
			remoteInfo = Twitterty;
		};
/* End PBXContainerItemProxy section */

/* Begin PBXFileReference section */
		A59C7CB11B79F20E00EE41D9 /* Twitterty.app */ = {isa = PBXFileReference; explicitFileType = wrapper.application; includeInIndex = 0; path = Twitterty.app; sourceTree = BUILT_PRODUCTS_DIR; };
		A59C7CB51B79F20E00EE41D9 /* Info.plist */ = {isa = PBXFileReference; lastKnownFileType = text.plist.xml; path = Info.plist; sourceTree = "<group>"; };
		A59C7CB61B79F20E00EE41D9 /* AppDelegate.h */ = {isa = PBXFileReference; lastKnownFileType = sourcecode.c.h; path = AppDelegate.h; sourceTree = "<group>"; };
		A59C7CB71B79F20E00EE41D9 /* AppDelegate.m */ = {isa = PBXFileReference; lastKnownFileType = sourcecode.c.objc; path = AppDelegate.m; sourceTree = "<group>"; };
		A59C7CB91B79F20E00EE41D9 /* main.m */ = {isa = PBXFileReference; lastKnownFileType = sourcecode.c.objc; path = main.m; sourceTree = "<group>"; };
		A59C7CBB1B79F20E00EE41D9 /* Images.xcassets */ = {isa = PBXFileReference; lastKnownFileType = folder.assetcatalog; path = Images.xcassets; sourceTree = "<group>"; };
		A59C7CBE1B79F20E00EE41D9 /* Base */ = {isa = PBXFileReference; lastKnownFileType = file.xib; name = Base; path = Base.lproj/MainMenu.xib; sourceTree = "<group>"; };
		A59C7CC41B79F20F00EE41D9 /* TwittertyTests.xctest */ = {isa = PBXFileReference; explicitFileType = wrapper.cfbundle; includeInIndex = 0; path = TwittertyTests.xctest; sourceTree = BUILT_PRODUCTS_DIR; };
		A59C7CC91B79F20F00EE41D9 /* Info.plist */ = {isa = PBXFileReference; lastKnownFileType = text.plist.xml; path = Info.plist; sourceTree = "<group>"; };
		A59C7CCA1B79F20F00EE41D9 /* TwittertyTests.m */ = {isa = PBXFileReference; lastKnownFileType = sourcecode.c.objc; path = TwittertyTests.m; sourceTree = "<group>"; };
/* End PBXFileReference section */

/* Begin PBXFrameworksBuildPhase section */
		A59C7CAE1B79F20E00EE41D9 /* Frameworks */ = {
			isa = PBXFrameworksBuildPhase;
			buildActionMask = 2147483647;
			files = (
			);
			runOnlyForDeploymentPostprocessing = 0;
		};
		A59C7CC11B79F20F00EE41D9 /* Frameworks */ = {
			isa = PBXFrameworksBuildPhase;
			buildActionMask = 2147483647;
			files = (
			);
			runOnlyForDeploymentPostprocessing = 0;
		};
/* End PBXFrameworksBuildPhase section */

/* Begin PBXGroup section */
		A59C7CA81B79F20E00EE41D9 = {
			isa = PBXGroup;
			children = (
				A59C7CB31B79F20E00EE41D9 /* Twitterty */,
				A59C7CC71B79F20F00EE41D9 /* TwittertyTests */,
				A59C7CB21B79F20E00EE41D9 /* Products */,
			);
			sourceTree = "<group>";
		};
		A59C7CB21B79F20E00EE41D9 /* Products */ = {
			isa = PBXGroup;
			children = (
				A59C7CB11B79F20E00EE41D9 /* Twitterty.app */,
				A59C7CC41B79F20F00EE41D9 /* TwittertyTests.xctest */,
			);
			name = Products;
			sourceTree = "<group>";
		};
		A59C7CB31B79F20E00EE41D9 /* Twitterty */ = {
			isa = PBXGroup;
			children = (
				A59C7CB61B79F20E00EE41D9 /* AppDelegate.h */,
				A59C7CB71B79F20E00EE41D9 /* AppDelegate.m */,
				A59C7CBB1B79F20E00EE41D9 /* Images.xcassets */,
				A59C7CBD1B79F20E00EE41D9 /* MainMenu.xib */,
				A59C7CB41B79F20E00EE41D9 /* Supporting Files */,
			);
			path = Twitterty;
			sourceTree = "<group>";
		};
		A59C7CB41B79F20E00EE41D9 /* Supporting Files */ = {
			isa = PBXGroup;
			children = (
				A59C7CB51B79F20E00EE41D9 /* Info.plist */,
				A59C7CB91B79F20E00EE41D9 /* main.m */,
			);
			name = "Supporting Files";
			sourceTree = "<group>";
		};
		A59C7CC71B79F20F00EE41D9 /* TwittertyTests */ = {
			isa = PBXGroup;
			children = (
				A59C7CCA1B79F20F00EE41D9 /* TwittertyTests.m */,
				A59C7CC81B79F20F00EE41D9 /* Supporting Files */,
			);
			path = TwittertyTests;
			sourceTree = "<group>";
		};
		A59C7CC81B79F20F00EE41D9 /* Supporting Files */ = {
			isa = PBXGroup;
			children = (
				A59C7CC91B79F20F00EE41D9 /* Info.plist */,
			);
			name = "Supporting Files";
			sourceTree = "<group>";
		};
/* End PBXGroup section */

/* Begin PBXNativeTarget section */
		A59C7CB01B79F20E00EE41D9 /* Twitterty */ = {
			isa = PBXNativeTarget;
			buildConfigurationList = A59C7CCE1B79F20F00EE41D9 /* Build configuration list for PBXNativeTarget "Twitterty" */;
			buildPhases = (
				A59C7CAD1B79F20E00EE41D9 /* Sources */,
				A59C7CAE1B79F20E00EE41D9 /* Frameworks */,
				A59C7CAF1B79F20E00EE41D9 /* Resources */,
			);
			buildRules = (
			);
			dependencies = (
			);
			name = Twitterty;
			productName = Twitterty;
			productReference = A59C7CB11B79F20E00EE41D9 /* Twitterty.app */;
			productType = "com.apple.product-type.application";
		};
		A59C7CC31B79F20F00EE41D9 /* TwittertyTests */ = {
			isa = PBXNativeTarget;
			buildConfigurationList = A59C7CD11B79F20F00EE41D9 /* Build configuration list for PBXNativeTarget "TwittertyTests" */;
			buildPhases = (
				A59C7CC01B79F20F00EE41D9 /* Sources */,
				A59C7CC11B79F20F00EE41D9 /* Frameworks */,
				A59C7CC21B79F20F00EE41D9 /* Resources */,
			);
			buildRules = (
			);
			dependencies = (
				A59C7CC61B79F20F00EE41D9 /* PBXTargetDependency */,
			);
			name = TwittertyTests;
			productName = TwittertyTests;
			productReference = A59C7CC41B79F20F00EE41D9 /* TwittertyTests.xctest */;
			productType = "com.apple.product-type.bundle.unit-test";
		};
/* End PBXNativeTarget section */

/* Begin PBXProject section */
		A59C7CA91B79F20E00EE41D9 /* Project object */ = {
			isa = PBXProject;
			attributes = {
				LastUpgradeCheck = 0640;
				ORGANIZATIONNAME = Wunmin;
				TargetAttributes = {
					A59C7CB01B79F20E00EE41D9 = {
						CreatedOnToolsVersion = 6.4;
					};
					A59C7CC31B79F20F00EE41D9 = {
						CreatedOnToolsVersion = 6.4;
						TestTargetID = A59C7CB01B79F20E00EE41D9;
					};
				};
			};
			buildConfigurationList = A59C7CAC1B79F20E00EE41D9 /* Build configuration list for PBXProject "Twitterty" */;
			compatibilityVersion = "Xcode 3.2";
			developmentRegion = English;
			hasScannedForEncodings = 0;
			knownRegions = (
				en,
				Base,
			);
			mainGroup = A59C7CA81B79F20E00EE41D9;
			productRefGroup = A59C7CB21B79F20E00EE41D9 /* Products */;
			projectDirPath = "";
			projectRoot = "";
			targets = (
				A59C7CB01B79F20E00EE41D9 /* Twitterty */,
				A59C7CC31B79F20F00EE41D9 /* TwittertyTests */,
			);
		};
/* End PBXProject section */

/* Begin PBXResourcesBuildPhase section */
		A59C7CAF1B79F20E00EE41D9 /* Resources */ = {
			isa = PBXResourcesBuildPhase;
			buildActionMask = 2147483647;
			files = (
				A59C7CBC1B79F20E00EE41D9 /* Images.xcassets in Resources */,
				A59C7CBF1B79F20E00EE41D9 /* MainMenu.xib in Resources */,
			);
			runOnlyForDeploymentPostprocessing = 0;
		};
		A59C7CC21B79F20F00EE41D9 /* Resources */ = {
			isa = PBXResourcesBuildPhase;
			buildActionMask = 2147483647;
			files = (
			);
			runOnlyForDeploymentPostprocessing = 0;
		};
/* End PBXResourcesBuildPhase section */

/* Begin PBXSourcesBuildPhase section */
		A59C7CAD1B79F20E00EE41D9 /* Sources */ = {
			isa = PBXSourcesBuildPhase;
			buildActionMask = 2147483647;
			files = (
				A59C7CBA1B79F20E00EE41D9 /* main.m in Sources */,
				A59C7CB81B79F20E00EE41D9 /* AppDelegate.m in Sources */,
			);
			runOnlyForDeploymentPostprocessing = 0;
		};
		A59C7CC01B79F20F00EE41D9 /* Sources */ = {
			isa = PBXSourcesBuildPhase;
			buildActionMask = 2147483647;
			files = (
				A59C7CCB1B79F20F00EE41D9 /* TwittertyTests.m in Sources */,
			);
			runOnlyForDeploymentPostprocessing = 0;
		};
/* End PBXSourcesBuildPhase section */

/* Begin PBXTargetDependency section */
		A59C7CC61B79F20F00EE41D9 /* PBXTargetDependency */ = {
			isa = PBXTargetDependency;
			target = A59C7CB01B79F20E00EE41D9 /* Twitterty */;
			targetProxy = A59C7CC51B79F20F00EE41D9 /* PBXContainerItemProxy */;
		};
/* End PBXTargetDependency section */

/* Begin PBXVariantGroup section */
		A59C7CBD1B79F20E00EE41D9 /* MainMenu.xib */ = {
			isa = PBXVariantGroup;
			children = (
				A59C7CBE1B79F20E00EE41D9 /* Base */,
			);
			name = MainMenu.xib;
			sourceTree = "<group>";
		};
/* End PBXVariantGroup section */

/* Begin XCBuildConfiguration section */
		A59C7CCC1B79F20F00EE41D9 /* Debug */ = {
			isa = XCBuildConfiguration;
			buildSettings = {
				ALWAYS_SEARCH_USER_PATHS = NO;
				CLANG_CXX_LANGUAGE_STANDARD = "gnu++0x";
				CLANG_CXX_LIBRARY = "libc++";
				CLANG_ENABLE_MODULES = YES;
				CLANG_ENABLE_OBJC_ARC = YES;
				CLANG_WARN_BOOL_CONVERSION = YES;
				CLANG_WARN_CONSTANT_CONVERSION = YES;
				CLANG_WARN_DIRECT_OBJC_ISA_USAGE = YES_ERROR;
				CLANG_WARN_EMPTY_BODY = YES;
				CLANG_WARN_ENUM_CONVERSION = YES;
				CLANG_WARN_INT_CONVERSION = YES;
				CLANG_WARN_OBJC_ROOT_CLASS = YES_ERROR;
				CLANG_WARN_UNREACHABLE_CODE = YES;
				CLANG_WARN__DUPLICATE_METHOD_MATCH = YES;
				CODE_SIGN_IDENTITY = "-";
				COPY_PHASE_STRIP = NO;
				DEBUG_INFORMATION_FORMAT = dwarf;
				ENABLE_STRICT_OBJC_MSGSEND = YES;
				GCC_C_LANGUAGE_STANDARD = gnu99;
				GCC_DYNAMIC_NO_PIC = NO;
				GCC_NO_COMMON_BLOCKS = YES;
				GCC_OPTIMIZATION_LEVEL = 0;
				GCC_PREPROCESSOR_DEFINITIONS = (
					"DEBUG=1",
					"$(inherited)",
				);
				GCC_SYMBOLS_PRIVATE_EXTERN = NO;
				GCC_WARN_64_TO_32_BIT_CONVERSION = YES;
				GCC_WARN_ABOUT_RETURN_TYPE = YES_ERROR;
				GCC_WARN_UNDECLARED_SELECTOR = YES;
				GCC_WARN_UNINITIALIZED_AUTOS = YES_AGGRESSIVE;
				GCC_WARN_UNUSED_FUNCTION = YES;
				GCC_WARN_UNUSED_VARIABLE = YES;
				MACOSX_DEPLOYMENT_TARGET = 10.10;
				MTL_ENABLE_DEBUG_INFO = YES;
				ONLY_ACTIVE_ARCH = YES;
				SDKROOT = macosx;
			};
			name = Debug;
		};
		A59C7CCD1B79F20F00EE41D9 /* Release */ = {
			isa = XCBuildConfiguration;
			buildSettings = {
				ALWAYS_SEARCH_USER_PATHS = NO;
				CLANG_CXX_LANGUAGE_STANDARD = "gnu++0x";
				CLANG_CXX_LIBRARY = "libc++";
				CLANG_ENABLE_MODULES = YES;
				CLANG_ENABLE_OBJC_ARC = YES;
				CLANG_WARN_BOOL_CONVERSION = YES;
				CLANG_WARN_CONSTANT_CONVERSION = YES;
				CLANG_WARN_DIRECT_OBJC_ISA_USAGE = YES_ERROR;
				CLANG_WARN_EMPTY_BODY = YES;
				CLANG_WARN_ENUM_CONVERSION = YES;
				CLANG_WARN_INT_CONVERSION = YES;
				CLANG_WARN_OBJC_ROOT_CLASS = YES_ERROR;
				CLANG_WARN_UNREACHABLE_CODE = YES;
				CLANG_WARN__DUPLICATE_METHOD_MATCH = YES;
				CODE_SIGN_IDENTITY = "-";
				COPY_PHASE_STRIP = NO;
				DEBUG_INFORMATION_FORMAT = "dwarf-with-dsym";
				ENABLE_NS_ASSERTIONS = NO;
				ENABLE_STRICT_OBJC_MSGSEND = YES;
				GCC_C_LANGUAGE_STANDARD = gnu99;
				GCC_NO_COMMON_BLOCKS = YES;
				GCC_WARN_64_TO_32_BIT_CONVERSION = YES;
				GCC_WARN_ABOUT_RETURN_TYPE = YES_ERROR;
				GCC_WARN_UNDECLARED_SELECTOR = YES;
				GCC_WARN_UNINITIALIZED_AUTOS = YES_AGGRESSIVE;
				GCC_WARN_UNUSED_FUNCTION = YES;
				GCC_WARN_UNUSED_VARIABLE = YES;
				MACOSX_DEPLOYMENT_TARGET = 10.10;
				MTL_ENABLE_DEBUG_INFO = NO;
				SDKROOT = macosx;
			};
			name = Release;
		};
		A59C7CCF1B79F20F00EE41D9 /* Debug */ = {
			isa = XCBuildConfiguration;
			buildSettings = {
				ASSETCATALOG_COMPILER_APPICON_NAME = AppIcon;
				COMBINE_HIDPI_IMAGES = YES;
				INFOPLIST_FILE = Twitterty/Info.plist;
				LD_RUNPATH_SEARCH_PATHS = "$(inherited) @executable_path/../Frameworks";
				PRODUCT_NAME = "$(TARGET_NAME)";
			};
			name = Debug;
		};
		A59C7CD01B79F20F00EE41D9 /* Release */ = {
			isa = XCBuildConfiguration;
			buildSettings = {
				ASSETCATALOG_COMPILER_APPICON_NAME = AppIcon;
				COMBINE_HIDPI_IMAGES = YES;
				INFOPLIST_FILE = Twitterty/Info.plist;
				LD_RUNPATH_SEARCH_PATHS = "$(inherited) @executable_path/../Frameworks";
				PRODUCT_NAME = "$(TARGET_NAME)";
			};
			name = Release;
		};
		A59C7CD21B79F20F00EE41D9 /* Debug */ = {
			isa = XCBuildConfiguration;
			buildSettings = {
				BUNDLE_LOADER = "$(TEST_HOST)";
				COMBINE_HIDPI_IMAGES = YES;
				FRAMEWORK_SEARCH_PATHS = (
					"$(DEVELOPER_FRAMEWORKS_DIR)",
					"$(inherited)",
				);
				GCC_PREPROCESSOR_DEFINITIONS = (
					"DEBUG=1",
					"$(inherited)",
				);
				INFOPLIST_FILE = TwittertyTests/Info.plist;
				LD_RUNPATH_SEARCH_PATHS = "$(inherited) @executable_path/../Frameworks @loader_path/../Frameworks";
				PRODUCT_NAME = "$(TARGET_NAME)";
				TEST_HOST = "$(BUILT_PRODUCTS_DIR)/Twitterty.app/Contents/MacOS/Twitterty";
			};
			name = Debug;
		};
		A59C7CD31B79F20F00EE41D9 /* Release */ = {
			isa = XCBuildConfiguration;
			buildSettings = {
				BUNDLE_LOADER = "$(TEST_HOST)";
				COMBINE_HIDPI_IMAGES = YES;
				FRAMEWORK_SEARCH_PATHS = (
					"$(DEVELOPER_FRAMEWORKS_DIR)",
					"$(inherited)",
				);
				INFOPLIST_FILE = TwittertyTests/Info.plist;
				LD_RUNPATH_SEARCH_PATHS = "$(inherited) @executable_path/../Frameworks @loader_path/../Frameworks";
				PRODUCT_NAME = "$(TARGET_NAME)";
				TEST_HOST = "$(BUILT_PRODUCTS_DIR)/Twitterty.app/Contents/MacOS/Twitterty";
			};
			name = Release;
		};
/* End XCBuildConfiguration section */

/* Begin XCConfigurationList section */
		A59C7CAC1B79F20E00EE41D9 /* Build configuration list for PBXProject "Twitterty" */ = {
			isa = XCConfigurationList;
			buildConfigurations = (
				A59C7CCC1B79F20F00EE41D9 /* Debug */,
				A59C7CCD1B79F20F00EE41D9 /* Release */,
			);
			defaultConfigurationIsVisible = 0;
			defaultConfigurationName = Release;
		};
		A59C7CCE1B79F20F00EE41D9 /* Build configuration list for PBXNativeTarget "Twitterty" */ = {
			isa = XCConfigurationList;
			buildConfigurations = (
				A59C7CCF1B79F20F00EE41D9 /* Debug */,
				A59C7CD01B79F20F00EE41D9 /* Release */,
			);
			defaultConfigurationIsVisible = 0;
		};
		A59C7CD11B79F20F00EE41D9 /* Build configuration list for PBXNativeTarget "TwittertyTests" */ = {
			isa = XCConfigurationList;
			buildConfigurations = (
				A59C7CD21B79F20F00EE41D9 /* Debug */,
				A59C7CD31B79F20F00EE41D9 /* Release */,
			);
			defaultConfigurationIsVisible = 0;
		};
/* End XCConfigurationList section */
	};
	rootObject = A59C7CA91B79F20E00EE41D9 /* Project object */;
}
