// !$*UTF8*$!
{
	archiveVersion = 1;
	classes = {
	};
	objectVersion = 46;
	objects = {

/* Begin PBXBuildFile section */
		A50DF4F11B95A72100F954B6 /* HomeTweetButtonsView.m in Sources */ = {isa = PBXBuildFile; fileRef = A50DF4F01B95A72100F954B6 /* HomeTweetButtonsView.m */; };
		A50DF4F41B95AB7600F954B6 /* HomeTweetButtonCell.m in Sources */ = {isa = PBXBuildFile; fileRef = A50DF4F31B95AB7600F954B6 /* HomeTweetButtonCell.m */; };
		A50FCEEB1B8C104E004BA9AA /* HomeTimelineViewController.m in Sources */ = {isa = PBXBuildFile; fileRef = A50FCEE91B8C104E004BA9AA /* HomeTimelineViewController.m */; };
		A50FCEEC1B8C104E004BA9AA /* HomeTimelineViewController.xib in Resources */ = {isa = PBXBuildFile; fileRef = A50FCEEA1B8C104E004BA9AA /* HomeTimelineViewController.xib */; };
		A59C7CB81B79F20E00EE41D9 /* AppDelegate.m in Sources */ = {isa = PBXBuildFile; fileRef = A59C7CB71B79F20E00EE41D9 /* AppDelegate.m */; };
		A59C7CBA1B79F20E00EE41D9 /* main.m in Sources */ = {isa = PBXBuildFile; fileRef = A59C7CB91B79F20E00EE41D9 /* main.m */; };
		A59C7CBC1B79F20E00EE41D9 /* Images.xcassets in Resources */ = {isa = PBXBuildFile; fileRef = A59C7CBB1B79F20E00EE41D9 /* Images.xcassets */; };
		A59C7CBF1B79F20E00EE41D9 /* MainMenu.xib in Resources */ = {isa = PBXBuildFile; fileRef = A59C7CBD1B79F20E00EE41D9 /* MainMenu.xib */; };
		A59C7CCB1B79F20F00EE41D9 /* TwittertyTests.m in Sources */ = {isa = PBXBuildFile; fileRef = A59C7CCA1B79F20F00EE41D9 /* TwittertyTests.m */; };
		A59C7CD91B79F51F00EE41D9 /* Sidebar.m in Sources */ = {isa = PBXBuildFile; fileRef = A59C7CD81B79F51F00EE41D9 /* Sidebar.m */; };
		A5E41A361B9C1DD9002B8931 /* reply.png in Resources */ = {isa = PBXBuildFile; fileRef = A5E41A351B9C1DD9002B8931 /* reply.png */; };
		A5E63F5A1B801E9D001F701B /* tag@2x.png in Resources */ = {isa = PBXBuildFile; fileRef = A5E63F591B801E9D001F701B /* tag@2x.png */; };
		A5E63F5C1B801EAD001F701B /* watch-pushed@2x.png in Resources */ = {isa = PBXBuildFile; fileRef = A5E63F5B1B801EAD001F701B /* watch-pushed@2x.png */; };
		A5E63F5E1B801EB7001F701B /* trash-pushed@2x.png in Resources */ = {isa = PBXBuildFile; fileRef = A5E63F5D1B801EB7001F701B /* trash-pushed@2x.png */; };
		A5E63F601B801EC1001F701B /* star-pushed@2x.png in Resources */ = {isa = PBXBuildFile; fileRef = A5E63F5F1B801EC1001F701B /* star-pushed@2x.png */; };
		A5E78B6B1B7CB26D00692252 /* tag.png in Resources */ = {isa = PBXBuildFile; fileRef = A5E78B681B7CB26D00692252 /* tag.png */; };
		A5E78B6C1B7CB26D00692252 /* watch-pushed.png in Resources */ = {isa = PBXBuildFile; fileRef = A5E78B691B7CB26D00692252 /* watch-pushed.png */; };
		A5E78B6D1B7CB26D00692252 /* trash-pushed.png in Resources */ = {isa = PBXBuildFile; fileRef = A5E78B6A1B7CB26D00692252 /* trash-pushed.png */; };
		A5E7A3C31B8B17DA00CB8B7D /* NSDateFormatter+STTwitter.m in Sources */ = {isa = PBXBuildFile; fileRef = A5E7A3A41B8B17DA00CB8B7D /* NSDateFormatter+STTwitter.m */; };
		A5E7A3C41B8B17DA00CB8B7D /* NSError+STTwitter.m in Sources */ = {isa = PBXBuildFile; fileRef = A5E7A3A61B8B17DA00CB8B7D /* NSError+STTwitter.m */; };
		A5E7A3C51B8B17DA00CB8B7D /* NSString+STTwitter.m in Sources */ = {isa = PBXBuildFile; fileRef = A5E7A3A81B8B17DA00CB8B7D /* NSString+STTwitter.m */; };
		A5E7A3C61B8B17DA00CB8B7D /* STHTTPRequest+STTwitter.m in Sources */ = {isa = PBXBuildFile; fileRef = A5E7A3AA1B8B17DA00CB8B7D /* STHTTPRequest+STTwitter.m */; };
		A5E7A3C71B8B17DA00CB8B7D /* STTwitterAPI.m in Sources */ = {isa = PBXBuildFile; fileRef = A5E7A3AD1B8B17DA00CB8B7D /* STTwitterAPI.m */; };
		A5E7A3C81B8B17DA00CB8B7D /* STTwitterAppOnly.m in Sources */ = {isa = PBXBuildFile; fileRef = A5E7A3AF1B8B17DA00CB8B7D /* STTwitterAppOnly.m */; };
		A5E7A3C91B8B17DA00CB8B7D /* STTwitterHTML.m in Sources */ = {isa = PBXBuildFile; fileRef = A5E7A3B11B8B17DA00CB8B7D /* STTwitterHTML.m */; };
		A5E7A3CA1B8B17DA00CB8B7D /* STTwitterOAuth.m in Sources */ = {isa = PBXBuildFile; fileRef = A5E7A3B31B8B17DA00CB8B7D /* STTwitterOAuth.m */; };
		A5E7A3CB1B8B17DA00CB8B7D /* STTwitterOS.m in Sources */ = {isa = PBXBuildFile; fileRef = A5E7A3B51B8B17DA00CB8B7D /* STTwitterOS.m */; };
		A5E7A3CC1B8B17DA00CB8B7D /* STTwitterOSRequest.m in Sources */ = {isa = PBXBuildFile; fileRef = A5E7A3B71B8B17DA00CB8B7D /* STTwitterOSRequest.m */; };
		A5E7A3CD1B8B17DA00CB8B7D /* STTwitterStreamParser.m in Sources */ = {isa = PBXBuildFile; fileRef = A5E7A3BB1B8B17DA00CB8B7D /* STTwitterStreamParser.m */; };
		A5E7A3CE1B8B17DA00CB8B7D /* BAVPlistNode.m in Sources */ = {isa = PBXBuildFile; fileRef = A5E7A3BE1B8B17DA00CB8B7D /* BAVPlistNode.m */; };
		A5E7A3CF1B8B17DA00CB8B7D /* JSONSyntaxHighlight.m in Sources */ = {isa = PBXBuildFile; fileRef = A5E7A3C01B8B17DA00CB8B7D /* JSONSyntaxHighlight.m */; };
		A5E7A3D01B8B17DA00CB8B7D /* STHTTPRequest.m in Sources */ = {isa = PBXBuildFile; fileRef = A5E7A3C21B8B17DA00CB8B7D /* STHTTPRequest.m */; };
		A5E7A3D31B8B188000CB8B7D /* Accounts.framework in Frameworks */ = {isa = PBXBuildFile; fileRef = A5E7A3D11B8B184B00CB8B7D /* Accounts.framework */; };
		A5E7A3D51B8B188A00CB8B7D /* Social.framework in Frameworks */ = {isa = PBXBuildFile; fileRef = A5E7A3D41B8B188A00CB8B7D /* Social.framework */; };
		A5E7A3D71B8B189200CB8B7D /* Security.framework in Frameworks */ = {isa = PBXBuildFile; fileRef = A5E7A3D61B8B189200CB8B7D /* Security.framework */; };
		A5EA39341B7AFE3A00279D1C /* ItemCell.m in Sources */ = {isa = PBXBuildFile; fileRef = A5EA39331B7AFE3A00279D1C /* ItemCell.m */; };
		A5EA39381B7B36C200279D1C /* star-pushed.png in Resources */ = {isa = PBXBuildFile; fileRef = A5EA39361B7B36C200279D1C /* star-pushed.png */; };
		A5EBE5521B954F1700D4A66E /* HomeTweetCellView.m in Sources */ = {isa = PBXBuildFile; fileRef = A5EBE5511B954F1700D4A66E /* HomeTweetCellView.m */; };
/* End PBXBuildFile section */

/* Begin PBXContainerItemProxy section */
		A59C7CC51B79F20F00EE41D9 /* PBXContainerItemProxy */ = {
			isa = PBXContainerItemProxy;
			containerPortal = A59C7CA91B79F20E00EE41D9 /* Project object */;
			proxyType = 1;
			remoteGlobalIDString = A59C7CB01B79F20E00EE41D9;
			remoteInfo = Twitterty;
		};
/* End PBXContainerItemProxy section */

/* Begin PBXFileReference section */
		A50DF4EF1B95A72100F954B6 /* HomeTweetButtonsView.h */ = {isa = PBXFileReference; fileEncoding = 4; lastKnownFileType = sourcecode.c.h; path = HomeTweetButtonsView.h; sourceTree = "<group>"; };
		A50DF4F01B95A72100F954B6 /* HomeTweetButtonsView.m */ = {isa = PBXFileReference; fileEncoding = 4; lastKnownFileType = sourcecode.c.objc; path = HomeTweetButtonsView.m; sourceTree = "<group>"; };
		A50DF4F21B95AB7600F954B6 /* HomeTweetButtonCell.h */ = {isa = PBXFileReference; fileEncoding = 4; lastKnownFileType = sourcecode.c.h; path = HomeTweetButtonCell.h; sourceTree = "<group>"; };
		A50DF4F31B95AB7600F954B6 /* HomeTweetButtonCell.m */ = {isa = PBXFileReference; fileEncoding = 4; lastKnownFileType = sourcecode.c.objc; path = HomeTweetButtonCell.m; sourceTree = "<group>"; };
		A50FCEE81B8C104E004BA9AA /* HomeTimelineViewController.h */ = {isa = PBXFileReference; fileEncoding = 4; lastKnownFileType = sourcecode.c.h; path = HomeTimelineViewController.h; sourceTree = "<group>"; };
		A50FCEE91B8C104E004BA9AA /* HomeTimelineViewController.m */ = {isa = PBXFileReference; fileEncoding = 4; lastKnownFileType = sourcecode.c.objc; path = HomeTimelineViewController.m; sourceTree = "<group>"; };
		A50FCEEA1B8C104E004BA9AA /* HomeTimelineViewController.xib */ = {isa = PBXFileReference; fileEncoding = 4; lastKnownFileType = file.xib; path = HomeTimelineViewController.xib; sourceTree = "<group>"; };
		A59C7CB11B79F20E00EE41D9 /* Twitterty.app */ = {isa = PBXFileReference; explicitFileType = wrapper.application; includeInIndex = 0; path = Twitterty.app; sourceTree = BUILT_PRODUCTS_DIR; };
		A59C7CB51B79F20E00EE41D9 /* Info.plist */ = {isa = PBXFileReference; lastKnownFileType = text.plist.xml; path = Info.plist; sourceTree = "<group>"; };
		A59C7CB61B79F20E00EE41D9 /* AppDelegate.h */ = {isa = PBXFileReference; lastKnownFileType = sourcecode.c.h; path = AppDelegate.h; sourceTree = "<group>"; };
		A59C7CB71B79F20E00EE41D9 /* AppDelegate.m */ = {isa = PBXFileReference; lastKnownFileType = sourcecode.c.objc; path = AppDelegate.m; sourceTree = "<group>"; };
		A59C7CB91B79F20E00EE41D9 /* main.m */ = {isa = PBXFileReference; lastKnownFileType = sourcecode.c.objc; path = main.m; sourceTree = "<group>"; };
		A59C7CBB1B79F20E00EE41D9 /* Images.xcassets */ = {isa = PBXFileReference; lastKnownFileType = folder.assetcatalog; path = Images.xcassets; sourceTree = "<group>"; };
		A59C7CBE1B79F20E00EE41D9 /* Base */ = {isa = PBXFileReference; lastKnownFileType = file.xib; name = Base; path = Base.lproj/MainMenu.xib; sourceTree = "<group>"; };
		A59C7CC41B79F20F00EE41D9 /* TwittertyTests.xctest */ = {isa = PBXFileReference; explicitFileType = wrapper.cfbundle; includeInIndex = 0; path = TwittertyTests.xctest; sourceTree = BUILT_PRODUCTS_DIR; };
		A59C7CC91B79F20F00EE41D9 /* Info.plist */ = {isa = PBXFileReference; lastKnownFileType = text.plist.xml; path = Info.plist; sourceTree = "<group>"; };
		A59C7CCA1B79F20F00EE41D9 /* TwittertyTests.m */ = {isa = PBXFileReference; lastKnownFileType = sourcecode.c.objc; path = TwittertyTests.m; sourceTree = "<group>"; };
		A59C7CD71B79F51F00EE41D9 /* Sidebar.h */ = {isa = PBXFileReference; fileEncoding = 4; lastKnownFileType = sourcecode.c.h; path = Sidebar.h; sourceTree = "<group>"; };
		A59C7CD81B79F51F00EE41D9 /* Sidebar.m */ = {isa = PBXFileReference; fileEncoding = 4; lastKnownFileType = sourcecode.c.objc; path = Sidebar.m; sourceTree = "<group>"; };
		A5B2AF541B897D7700A341C3 /* SystemConfiguration.framework */ = {isa = PBXFileReference; lastKnownFileType = wrapper.framework; name = SystemConfiguration.framework; path = System/Library/Frameworks/SystemConfiguration.framework; sourceTree = SDKROOT; };
		A5E41A351B9C1DD9002B8931 /* reply.png */ = {isa = PBXFileReference; lastKnownFileType = image.png; path = reply.png; sourceTree = "<group>"; };
		A5E63F591B801E9D001F701B /* tag@2x.png */ = {isa = PBXFileReference; lastKnownFileType = image.png; path = "tag@2x.png"; sourceTree = "<group>"; };
		A5E63F5B1B801EAD001F701B /* watch-pushed@2x.png */ = {isa = PBXFileReference; lastKnownFileType = image.png; path = "watch-pushed@2x.png"; sourceTree = "<group>"; };
		A5E63F5D1B801EB7001F701B /* trash-pushed@2x.png */ = {isa = PBXFileReference; lastKnownFileType = image.png; path = "trash-pushed@2x.png"; sourceTree = "<group>"; };
		A5E63F5F1B801EC1001F701B /* star-pushed@2x.png */ = {isa = PBXFileReference; lastKnownFileType = image.png; path = "star-pushed@2x.png"; sourceTree = "<group>"; };
		A5E78B681B7CB26D00692252 /* tag.png */ = {isa = PBXFileReference; lastKnownFileType = image.png; path = tag.png; sourceTree = "<group>"; };
		A5E78B691B7CB26D00692252 /* watch-pushed.png */ = {isa = PBXFileReference; lastKnownFileType = image.png; path = "watch-pushed.png"; sourceTree = "<group>"; };
		A5E78B6A1B7CB26D00692252 /* trash-pushed.png */ = {isa = PBXFileReference; lastKnownFileType = image.png; path = "trash-pushed.png"; sourceTree = "<group>"; };
		A5E7A3A31B8B17DA00CB8B7D /* NSDateFormatter+STTwitter.h */ = {isa = PBXFileReference; fileEncoding = 4; lastKnownFileType = sourcecode.c.h; path = "NSDateFormatter+STTwitter.h"; sourceTree = "<group>"; };
		A5E7A3A41B8B17DA00CB8B7D /* NSDateFormatter+STTwitter.m */ = {isa = PBXFileReference; fileEncoding = 4; lastKnownFileType = sourcecode.c.objc; path = "NSDateFormatter+STTwitter.m"; sourceTree = "<group>"; };
		A5E7A3A51B8B17DA00CB8B7D /* NSError+STTwitter.h */ = {isa = PBXFileReference; fileEncoding = 4; lastKnownFileType = sourcecode.c.h; path = "NSError+STTwitter.h"; sourceTree = "<group>"; };
		A5E7A3A61B8B17DA00CB8B7D /* NSError+STTwitter.m */ = {isa = PBXFileReference; fileEncoding = 4; lastKnownFileType = sourcecode.c.objc; path = "NSError+STTwitter.m"; sourceTree = "<group>"; };
		A5E7A3A71B8B17DA00CB8B7D /* NSString+STTwitter.h */ = {isa = PBXFileReference; fileEncoding = 4; lastKnownFileType = sourcecode.c.h; path = "NSString+STTwitter.h"; sourceTree = "<group>"; };
		A5E7A3A81B8B17DA00CB8B7D /* NSString+STTwitter.m */ = {isa = PBXFileReference; fileEncoding = 4; lastKnownFileType = sourcecode.c.objc; path = "NSString+STTwitter.m"; sourceTree = "<group>"; };
		A5E7A3A91B8B17DA00CB8B7D /* STHTTPRequest+STTwitter.h */ = {isa = PBXFileReference; fileEncoding = 4; lastKnownFileType = sourcecode.c.h; path = "STHTTPRequest+STTwitter.h"; sourceTree = "<group>"; };
		A5E7A3AA1B8B17DA00CB8B7D /* STHTTPRequest+STTwitter.m */ = {isa = PBXFileReference; fileEncoding = 4; lastKnownFileType = sourcecode.c.objc; path = "STHTTPRequest+STTwitter.m"; sourceTree = "<group>"; };
		A5E7A3AB1B8B17DA00CB8B7D /* STTwitter.h */ = {isa = PBXFileReference; fileEncoding = 4; lastKnownFileType = sourcecode.c.h; path = STTwitter.h; sourceTree = "<group>"; };
		A5E7A3AC1B8B17DA00CB8B7D /* STTwitterAPI.h */ = {isa = PBXFileReference; fileEncoding = 4; lastKnownFileType = sourcecode.c.h; path = STTwitterAPI.h; sourceTree = "<group>"; };
		A5E7A3AD1B8B17DA00CB8B7D /* STTwitterAPI.m */ = {isa = PBXFileReference; fileEncoding = 4; lastKnownFileType = sourcecode.c.objc; path = STTwitterAPI.m; sourceTree = "<group>"; };
		A5E7A3AE1B8B17DA00CB8B7D /* STTwitterAppOnly.h */ = {isa = PBXFileReference; fileEncoding = 4; lastKnownFileType = sourcecode.c.h; path = STTwitterAppOnly.h; sourceTree = "<group>"; };
		A5E7A3AF1B8B17DA00CB8B7D /* STTwitterAppOnly.m */ = {isa = PBXFileReference; fileEncoding = 4; lastKnownFileType = sourcecode.c.objc; path = STTwitterAppOnly.m; sourceTree = "<group>"; };
		A5E7A3B01B8B17DA00CB8B7D /* STTwitterHTML.h */ = {isa = PBXFileReference; fileEncoding = 4; lastKnownFileType = sourcecode.c.h; path = STTwitterHTML.h; sourceTree = "<group>"; };
		A5E7A3B11B8B17DA00CB8B7D /* STTwitterHTML.m */ = {isa = PBXFileReference; fileEncoding = 4; lastKnownFileType = sourcecode.c.objc; path = STTwitterHTML.m; sourceTree = "<group>"; };
		A5E7A3B21B8B17DA00CB8B7D /* STTwitterOAuth.h */ = {isa = PBXFileReference; fileEncoding = 4; lastKnownFileType = sourcecode.c.h; path = STTwitterOAuth.h; sourceTree = "<group>"; };
		A5E7A3B31B8B17DA00CB8B7D /* STTwitterOAuth.m */ = {isa = PBXFileReference; fileEncoding = 4; lastKnownFileType = sourcecode.c.objc; path = STTwitterOAuth.m; sourceTree = "<group>"; };
		A5E7A3B41B8B17DA00CB8B7D /* STTwitterOS.h */ = {isa = PBXFileReference; fileEncoding = 4; lastKnownFileType = sourcecode.c.h; path = STTwitterOS.h; sourceTree = "<group>"; };
		A5E7A3B51B8B17DA00CB8B7D /* STTwitterOS.m */ = {isa = PBXFileReference; fileEncoding = 4; lastKnownFileType = sourcecode.c.objc; path = STTwitterOS.m; sourceTree = "<group>"; };
		A5E7A3B61B8B17DA00CB8B7D /* STTwitterOSRequest.h */ = {isa = PBXFileReference; fileEncoding = 4; lastKnownFileType = sourcecode.c.h; path = STTwitterOSRequest.h; sourceTree = "<group>"; };
		A5E7A3B71B8B17DA00CB8B7D /* STTwitterOSRequest.m */ = {isa = PBXFileReference; fileEncoding = 4; lastKnownFileType = sourcecode.c.objc; path = STTwitterOSRequest.m; sourceTree = "<group>"; };
		A5E7A3B81B8B17DA00CB8B7D /* STTwitterProtocol.h */ = {isa = PBXFileReference; fileEncoding = 4; lastKnownFileType = sourcecode.c.h; path = STTwitterProtocol.h; sourceTree = "<group>"; };
		A5E7A3B91B8B17DA00CB8B7D /* STTwitterRequestProtocol.h */ = {isa = PBXFileReference; fileEncoding = 4; lastKnownFileType = sourcecode.c.h; path = STTwitterRequestProtocol.h; sourceTree = "<group>"; };
		A5E7A3BA1B8B17DA00CB8B7D /* STTwitterStreamParser.h */ = {isa = PBXFileReference; fileEncoding = 4; lastKnownFileType = sourcecode.c.h; path = STTwitterStreamParser.h; sourceTree = "<group>"; };
		A5E7A3BB1B8B17DA00CB8B7D /* STTwitterStreamParser.m */ = {isa = PBXFileReference; fileEncoding = 4; lastKnownFileType = sourcecode.c.objc; path = STTwitterStreamParser.m; sourceTree = "<group>"; };
		A5E7A3BD1B8B17DA00CB8B7D /* BAVPlistNode.h */ = {isa = PBXFileReference; fileEncoding = 4; lastKnownFileType = sourcecode.c.h; path = BAVPlistNode.h; sourceTree = "<group>"; };
		A5E7A3BE1B8B17DA00CB8B7D /* BAVPlistNode.m */ = {isa = PBXFileReference; fileEncoding = 4; lastKnownFileType = sourcecode.c.objc; path = BAVPlistNode.m; sourceTree = "<group>"; };
		A5E7A3BF1B8B17DA00CB8B7D /* JSONSyntaxHighlight.h */ = {isa = PBXFileReference; fileEncoding = 4; lastKnownFileType = sourcecode.c.h; path = JSONSyntaxHighlight.h; sourceTree = "<group>"; };
		A5E7A3C01B8B17DA00CB8B7D /* JSONSyntaxHighlight.m */ = {isa = PBXFileReference; fileEncoding = 4; lastKnownFileType = sourcecode.c.objc; path = JSONSyntaxHighlight.m; sourceTree = "<group>"; };
		A5E7A3C11B8B17DA00CB8B7D /* STHTTPRequest.h */ = {isa = PBXFileReference; fileEncoding = 4; lastKnownFileType = sourcecode.c.h; path = STHTTPRequest.h; sourceTree = "<group>"; };
		A5E7A3C21B8B17DA00CB8B7D /* STHTTPRequest.m */ = {isa = PBXFileReference; fileEncoding = 4; lastKnownFileType = sourcecode.c.objc; path = STHTTPRequest.m; sourceTree = "<group>"; };
		A5E7A3D11B8B184B00CB8B7D /* Accounts.framework */ = {isa = PBXFileReference; lastKnownFileType = wrapper.framework; name = Accounts.framework; path = System/Library/Frameworks/Accounts.framework; sourceTree = SDKROOT; };
		A5E7A3D41B8B188A00CB8B7D /* Social.framework */ = {isa = PBXFileReference; lastKnownFileType = wrapper.framework; name = Social.framework; path = System/Library/Frameworks/Social.framework; sourceTree = SDKROOT; };
		A5E7A3D61B8B189200CB8B7D /* Security.framework */ = {isa = PBXFileReference; lastKnownFileType = wrapper.framework; name = Security.framework; path = System/Library/Frameworks/Security.framework; sourceTree = SDKROOT; };
		A5EA39321B7AFE3A00279D1C /* ItemCell.h */ = {isa = PBXFileReference; fileEncoding = 4; lastKnownFileType = sourcecode.c.h; path = ItemCell.h; sourceTree = "<group>"; };
		A5EA39331B7AFE3A00279D1C /* ItemCell.m */ = {isa = PBXFileReference; fileEncoding = 4; lastKnownFileType = sourcecode.c.objc; path = ItemCell.m; sourceTree = "<group>"; };
		A5EA39361B7B36C200279D1C /* star-pushed.png */ = {isa = PBXFileReference; lastKnownFileType = image.png; path = "star-pushed.png"; sourceTree = "<group>"; };
		A5EA73371B8B0AAB0096E29C /* libxml2.dylib */ = {isa = PBXFileReference; lastKnownFileType = "compiled.mach-o.dylib"; name = libxml2.dylib; path = usr/lib/libxml2.dylib; sourceTree = SDKROOT; };
		A5EBE5501B954F1700D4A66E /* HomeTweetCellView.h */ = {isa = PBXFileReference; fileEncoding = 4; lastKnownFileType = sourcecode.c.h; path = HomeTweetCellView.h; sourceTree = "<group>"; };
		A5EBE5511B954F1700D4A66E /* HomeTweetCellView.m */ = {isa = PBXFileReference; fileEncoding = 4; lastKnownFileType = sourcecode.c.objc; path = HomeTweetCellView.m; sourceTree = "<group>"; };
/* End PBXFileReference section */

/* Begin PBXFrameworksBuildPhase section */
		A59C7CAE1B79F20E00EE41D9 /* Frameworks */ = {
			isa = PBXFrameworksBuildPhase;
			buildActionMask = 2147483647;
			files = (
				A5E7A3D71B8B189200CB8B7D /* Security.framework in Frameworks */,
				A5E7A3D51B8B188A00CB8B7D /* Social.framework in Frameworks */,
				A5E7A3D31B8B188000CB8B7D /* Accounts.framework in Frameworks */,
			);
			runOnlyForDeploymentPostprocessing = 0;
		};
		A59C7CC11B79F20F00EE41D9 /* Frameworks */ = {
			isa = PBXFrameworksBuildPhase;
			buildActionMask = 2147483647;
			files = (
			);
			runOnlyForDeploymentPostprocessing = 0;
		};
/* End PBXFrameworksBuildPhase section */

/* Begin PBXGroup section */
		A5379AE01B8318E50039862B /* SidebarView */ = {
			isa = PBXGroup;
			children = (
				A59C7CD71B79F51F00EE41D9 /* Sidebar.h */,
				A59C7CD81B79F51F00EE41D9 /* Sidebar.m */,
				A5EA39321B7AFE3A00279D1C /* ItemCell.h */,
				A5EA39331B7AFE3A00279D1C /* ItemCell.m */,
			);
			name = SidebarView;
			sourceTree = "<group>";
		};
		A59C7CA81B79F20E00EE41D9 = {
			isa = PBXGroup;
			children = (
				A59C7CB31B79F20E00EE41D9 /* Twitterty */,
				A59C7CC71B79F20F00EE41D9 /* TwittertyTests */,
				A59C7CB21B79F20E00EE41D9 /* Products */,
				EB37D00EBA64C03F989A1EEB /* Frameworks */,
			);
			sourceTree = "<group>";
		};
		A59C7CB21B79F20E00EE41D9 /* Products */ = {
			isa = PBXGroup;
			children = (
				A59C7CB11B79F20E00EE41D9 /* Twitterty.app */,
				A59C7CC41B79F20F00EE41D9 /* TwittertyTests.xctest */,
			);
			name = Products;
			sourceTree = "<group>";
		};
		A59C7CB31B79F20E00EE41D9 /* Twitterty */ = {
			isa = PBXGroup;
			children = (
				A59C7CB61B79F20E00EE41D9 /* AppDelegate.h */,
				A59C7CB71B79F20E00EE41D9 /* AppDelegate.m */,
				A59C7CBD1B79F20E00EE41D9 /* MainMenu.xib */,
				A50FCEE81B8C104E004BA9AA /* HomeTimelineViewController.h */,
				A50FCEE91B8C104E004BA9AA /* HomeTimelineViewController.m */,
				A5EBE5501B954F1700D4A66E /* HomeTweetCellView.h */,
				A5EBE5511B954F1700D4A66E /* HomeTweetCellView.m */,
				A50DF4EF1B95A72100F954B6 /* HomeTweetButtonsView.h */,
				A50DF4F01B95A72100F954B6 /* HomeTweetButtonsView.m */,
				A50DF4F21B95AB7600F954B6 /* HomeTweetButtonCell.h */,
				A50DF4F31B95AB7600F954B6 /* HomeTweetButtonCell.m */,
				A50FCEEA1B8C104E004BA9AA /* HomeTimelineViewController.xib */,
				A5E7A3A21B8B17DA00CB8B7D /* STTwitter */,
				A5379AE01B8318E50039862B /* SidebarView */,
				A59C7CBB1B79F20E00EE41D9 /* Images.xcassets */,
				A5E9DCC21B96A3F60081E69C /* ButtonsViewImage */,
				A5EA39391B7B36E800279D1C /* SidebarViewImage */,
				A59C7CB41B79F20E00EE41D9 /* Supporting Files */,
			);
			path = Twitterty;
			sourceTree = "<group>";
		};
		A59C7CB41B79F20E00EE41D9 /* Supporting Files */ = {
			isa = PBXGroup;
			children = (
				A59C7CB51B79F20E00EE41D9 /* Info.plist */,
				A59C7CB91B79F20E00EE41D9 /* main.m */,
			);
			name = "Supporting Files";
			sourceTree = "<group>";
		};
		A59C7CC71B79F20F00EE41D9 /* TwittertyTests */ = {
			isa = PBXGroup;
			children = (
				A59C7CCA1B79F20F00EE41D9 /* TwittertyTests.m */,
				A59C7CC81B79F20F00EE41D9 /* Supporting Files */,
			);
			path = TwittertyTests;
			sourceTree = "<group>";
		};
		A59C7CC81B79F20F00EE41D9 /* Supporting Files */ = {
			isa = PBXGroup;
			children = (
				A59C7CC91B79F20F00EE41D9 /* Info.plist */,
			);
			name = "Supporting Files";
			sourceTree = "<group>";
		};
		A5E7A3A21B8B17DA00CB8B7D /* STTwitter */ = {
			isa = PBXGroup;
			children = (
				A5E7A3A31B8B17DA00CB8B7D /* NSDateFormatter+STTwitter.h */,
				A5E7A3A41B8B17DA00CB8B7D /* NSDateFormatter+STTwitter.m */,
				A5E7A3A51B8B17DA00CB8B7D /* NSError+STTwitter.h */,
				A5E7A3A61B8B17DA00CB8B7D /* NSError+STTwitter.m */,
				A5E7A3A71B8B17DA00CB8B7D /* NSString+STTwitter.h */,
				A5E7A3A81B8B17DA00CB8B7D /* NSString+STTwitter.m */,
				A5E7A3A91B8B17DA00CB8B7D /* STHTTPRequest+STTwitter.h */,
				A5E7A3AA1B8B17DA00CB8B7D /* STHTTPRequest+STTwitter.m */,
				A5E7A3AB1B8B17DA00CB8B7D /* STTwitter.h */,
				A5E7A3AC1B8B17DA00CB8B7D /* STTwitterAPI.h */,
				A5E7A3AD1B8B17DA00CB8B7D /* STTwitterAPI.m */,
				A5E7A3AE1B8B17DA00CB8B7D /* STTwitterAppOnly.h */,
				A5E7A3AF1B8B17DA00CB8B7D /* STTwitterAppOnly.m */,
				A5E7A3B01B8B17DA00CB8B7D /* STTwitterHTML.h */,
				A5E7A3B11B8B17DA00CB8B7D /* STTwitterHTML.m */,
				A5E7A3B21B8B17DA00CB8B7D /* STTwitterOAuth.h */,
				A5E7A3B31B8B17DA00CB8B7D /* STTwitterOAuth.m */,
				A5E7A3B41B8B17DA00CB8B7D /* STTwitterOS.h */,
				A5E7A3B51B8B17DA00CB8B7D /* STTwitterOS.m */,
				A5E7A3B61B8B17DA00CB8B7D /* STTwitterOSRequest.h */,
				A5E7A3B71B8B17DA00CB8B7D /* STTwitterOSRequest.m */,
				A5E7A3B81B8B17DA00CB8B7D /* STTwitterProtocol.h */,
				A5E7A3B91B8B17DA00CB8B7D /* STTwitterRequestProtocol.h */,
				A5E7A3BA1B8B17DA00CB8B7D /* STTwitterStreamParser.h */,
				A5E7A3BB1B8B17DA00CB8B7D /* STTwitterStreamParser.m */,
				A5E7A3BC1B8B17DA00CB8B7D /* Vendor */,
			);
			path = STTwitter;
			sourceTree = "<group>";
		};
		A5E7A3BC1B8B17DA00CB8B7D /* Vendor */ = {
			isa = PBXGroup;
			children = (
				A5E7A3BD1B8B17DA00CB8B7D /* BAVPlistNode.h */,
				A5E7A3BE1B8B17DA00CB8B7D /* BAVPlistNode.m */,
				A5E7A3BF1B8B17DA00CB8B7D /* JSONSyntaxHighlight.h */,
				A5E7A3C01B8B17DA00CB8B7D /* JSONSyntaxHighlight.m */,
				A5E7A3C11B8B17DA00CB8B7D /* STHTTPRequest.h */,
				A5E7A3C21B8B17DA00CB8B7D /* STHTTPRequest.m */,
			);
			path = Vendor;
			sourceTree = "<group>";
		};
		A5E9DCC21B96A3F60081E69C /* ButtonsViewImage */ = {
			isa = PBXGroup;
			children = (
				A5E41A351B9C1DD9002B8931 /* reply.png */,
			);
			name = ButtonsViewImage;
			sourceTree = "<group>";
		};
		A5EA39391B7B36E800279D1C /* SidebarViewImage */ = {
			isa = PBXGroup;
			children = (
				A5E78B681B7CB26D00692252 /* tag.png */,
				A5E63F591B801E9D001F701B /* tag@2x.png */,
				A5E78B691B7CB26D00692252 /* watch-pushed.png */,
				A5E63F5B1B801EAD001F701B /* watch-pushed@2x.png */,
				A5E63F5D1B801EB7001F701B /* trash-pushed@2x.png */,
				A5E78B6A1B7CB26D00692252 /* trash-pushed.png */,
				A5EA39361B7B36C200279D1C /* star-pushed.png */,
				A5E63F5F1B801EC1001F701B /* star-pushed@2x.png */,
			);
			name = SidebarViewImage;
			sourceTree = "<group>";
		};
		EB37D00EBA64C03F989A1EEB /* Frameworks */ = {
			isa = PBXGroup;
			children = (
				A5E7A3D61B8B189200CB8B7D /* Security.framework */,
				A5E7A3D41B8B188A00CB8B7D /* Social.framework */,
				A5E7A3D11B8B184B00CB8B7D /* Accounts.framework */,
				A5EA73371B8B0AAB0096E29C /* libxml2.dylib */,
				A5B2AF541B897D7700A341C3 /* SystemConfiguration.framework */,
			);
			name = Frameworks;
			sourceTree = "<group>";
		};
/* End PBXGroup section */

/* Begin PBXNativeTarget section */
		A59C7CB01B79F20E00EE41D9 /* Twitterty */ = {
			isa = PBXNativeTarget;
			buildConfigurationList = A59C7CCE1B79F20F00EE41D9 /* Build configuration list for PBXNativeTarget "Twitterty" */;
			buildPhases = (
				A59C7CAD1B79F20E00EE41D9 /* Sources */,
				A59C7CAE1B79F20E00EE41D9 /* Frameworks */,
				A59C7CAF1B79F20E00EE41D9 /* Resources */,
			);
			buildRules = (
			);
			dependencies = (
			);
			name = Twitterty;
			productName = Twitterty;
			productReference = A59C7CB11B79F20E00EE41D9 /* Twitterty.app */;
			productType = "com.apple.product-type.application";
		};
		A59C7CC31B79F20F00EE41D9 /* TwittertyTests */ = {
			isa = PBXNativeTarget;
			buildConfigurationList = A59C7CD11B79F20F00EE41D9 /* Build configuration list for PBXNativeTarget "TwittertyTests" */;
			buildPhases = (
				A59C7CC01B79F20F00EE41D9 /* Sources */,
				A59C7CC11B79F20F00EE41D9 /* Frameworks */,
				A59C7CC21B79F20F00EE41D9 /* Resources */,
			);
			buildRules = (
			);
			dependencies = (
				A59C7CC61B79F20F00EE41D9 /* PBXTargetDependency */,
			);
			name = TwittertyTests;
			productName = TwittertyTests;
			productReference = A59C7CC41B79F20F00EE41D9 /* TwittertyTests.xctest */;
			productType = "com.apple.product-type.bundle.unit-test";
		};
/* End PBXNativeTarget section */

/* Begin PBXProject section */
		A59C7CA91B79F20E00EE41D9 /* Project object */ = {
			isa = PBXProject;
			attributes = {
				LastUpgradeCheck = 0640;
				ORGANIZATIONNAME = Wunmin;
				TargetAttributes = {
					A59C7CB01B79F20E00EE41D9 = {
						CreatedOnToolsVersion = 6.4;
					};
					A59C7CC31B79F20F00EE41D9 = {
						CreatedOnToolsVersion = 6.4;
						TestTargetID = A59C7CB01B79F20E00EE41D9;
					};
				};
			};
			buildConfigurationList = A59C7CAC1B79F20E00EE41D9 /* Build configuration list for PBXProject "Twitterty" */;
			compatibilityVersion = "Xcode 3.2";
			developmentRegion = English;
			hasScannedForEncodings = 0;
			knownRegions = (
				en,
				Base,
			);
			mainGroup = A59C7CA81B79F20E00EE41D9;
			productRefGroup = A59C7CB21B79F20E00EE41D9 /* Products */;
			projectDirPath = "";
			projectRoot = "";
			targets = (
				A59C7CB01B79F20E00EE41D9 /* Twitterty */,
				A59C7CC31B79F20F00EE41D9 /* TwittertyTests */,
			);
		};
/* End PBXProject section */

/* Begin PBXResourcesBuildPhase section */
		A59C7CAF1B79F20E00EE41D9 /* Resources */ = {
			isa = PBXResourcesBuildPhase;
			buildActionMask = 2147483647;
			files = (
				A50FCEEC1B8C104E004BA9AA /* HomeTimelineViewController.xib in Resources */,
				A5E63F5E1B801EB7001F701B /* trash-pushed@2x.png in Resources */,
				A5E78B6B1B7CB26D00692252 /* tag.png in Resources */,
				A5E78B6C1B7CB26D00692252 /* watch-pushed.png in Resources */,
				A5E41A361B9C1DD9002B8931 /* reply.png in Resources */,
				A59C7CBC1B79F20E00EE41D9 /* Images.xcassets in Resources */,
				A5E78B6D1B7CB26D00692252 /* trash-pushed.png in Resources */,
				A5E63F601B801EC1001F701B /* star-pushed@2x.png in Resources */,
				A5EA39381B7B36C200279D1C /* star-pushed.png in Resources */,
				A5E63F5C1B801EAD001F701B /* watch-pushed@2x.png in Resources */,
				A59C7CBF1B79F20E00EE41D9 /* MainMenu.xib in Resources */,
				A5E63F5A1B801E9D001F701B /* tag@2x.png in Resources */,
			);
			runOnlyForDeploymentPostprocessing = 0;
		};
		A59C7CC21B79F20F00EE41D9 /* Resources */ = {
			isa = PBXResourcesBuildPhase;
			buildActionMask = 2147483647;
			files = (
			);
			runOnlyForDeploymentPostprocessing = 0;
		};
/* End PBXResourcesBuildPhase section */

/* Begin PBXSourcesBuildPhase section */
		A59C7CAD1B79F20E00EE41D9 /* Sources */ = {
			isa = PBXSourcesBuildPhase;
			buildActionMask = 2147483647;
			files = (
				A50FCEEB1B8C104E004BA9AA /* HomeTimelineViewController.m in Sources */,
				A50DF4F11B95A72100F954B6 /* HomeTweetButtonsView.m in Sources */,
				A50DF4F41B95AB7600F954B6 /* HomeTweetButtonCell.m in Sources */,
				A5E7A3CB1B8B17DA00CB8B7D /* STTwitterOS.m in Sources */,
				A5E7A3C51B8B17DA00CB8B7D /* NSString+STTwitter.m in Sources */,
				A5E7A3C71B8B17DA00CB8B7D /* STTwitterAPI.m in Sources */,
				A5E7A3C61B8B17DA00CB8B7D /* STHTTPRequest+STTwitter.m in Sources */,
				A5E7A3CE1B8B17DA00CB8B7D /* BAVPlistNode.m in Sources */,
				A5E7A3C41B8B17DA00CB8B7D /* NSError+STTwitter.m in Sources */,
				A5E7A3C81B8B17DA00CB8B7D /* STTwitterAppOnly.m in Sources */,
				A5E7A3CC1B8B17DA00CB8B7D /* STTwitterOSRequest.m in Sources */,
				A5EA39341B7AFE3A00279D1C /* ItemCell.m in Sources */,
				A5E7A3CA1B8B17DA00CB8B7D /* STTwitterOAuth.m in Sources */,
				A5E7A3C91B8B17DA00CB8B7D /* STTwitterHTML.m in Sources */,
				A59C7CBA1B79F20E00EE41D9 /* main.m in Sources */,
				A5E7A3D01B8B17DA00CB8B7D /* STHTTPRequest.m in Sources */,
				A59C7CB81B79F20E00EE41D9 /* AppDelegate.m in Sources */,
				A5E7A3C31B8B17DA00CB8B7D /* NSDateFormatter+STTwitter.m in Sources */,
				A5E7A3CF1B8B17DA00CB8B7D /* JSONSyntaxHighlight.m in Sources */,
				A59C7CD91B79F51F00EE41D9 /* Sidebar.m in Sources */,
				A5E7A3CD1B8B17DA00CB8B7D /* STTwitterStreamParser.m in Sources */,
				A5EBE5521B954F1700D4A66E /* HomeTweetCellView.m in Sources */,
			);
			runOnlyForDeploymentPostprocessing = 0;
		};
		A59C7CC01B79F20F00EE41D9 /* Sources */ = {
			isa = PBXSourcesBuildPhase;
			buildActionMask = 2147483647;
			files = (
				A59C7CCB1B79F20F00EE41D9 /* TwittertyTests.m in Sources */,
			);
			runOnlyForDeploymentPostprocessing = 0;
		};
/* End PBXSourcesBuildPhase section */

/* Begin PBXTargetDependency section */
		A59C7CC61B79F20F00EE41D9 /* PBXTargetDependency */ = {
			isa = PBXTargetDependency;
			target = A59C7CB01B79F20E00EE41D9 /* Twitterty */;
			targetProxy = A59C7CC51B79F20F00EE41D9 /* PBXContainerItemProxy */;
		};
/* End PBXTargetDependency section */

/* Begin PBXVariantGroup section */
		A59C7CBD1B79F20E00EE41D9 /* MainMenu.xib */ = {
			isa = PBXVariantGroup;
			children = (
				A59C7CBE1B79F20E00EE41D9 /* Base */,
			);
			name = MainMenu.xib;
			sourceTree = "<group>";
		};
/* End PBXVariantGroup section */

/* Begin XCBuildConfiguration section */
		A59C7CCC1B79F20F00EE41D9 /* Debug */ = {
			isa = XCBuildConfiguration;
			buildSettings = {
				ALWAYS_SEARCH_USER_PATHS = NO;
				CLANG_CXX_LANGUAGE_STANDARD = "gnu++0x";
				CLANG_CXX_LIBRARY = "libc++";
				CLANG_ENABLE_MODULES = YES;
				CLANG_ENABLE_OBJC_ARC = YES;
				CLANG_WARN_BOOL_CONVERSION = YES;
				CLANG_WARN_CONSTANT_CONVERSION = YES;
				CLANG_WARN_DIRECT_OBJC_ISA_USAGE = YES_ERROR;
				CLANG_WARN_EMPTY_BODY = YES;
				CLANG_WARN_ENUM_CONVERSION = YES;
				CLANG_WARN_INT_CONVERSION = YES;
				CLANG_WARN_OBJC_ROOT_CLASS = YES_ERROR;
				CLANG_WARN_UNREACHABLE_CODE = YES;
				CLANG_WARN__DUPLICATE_METHOD_MATCH = YES;
				CODE_SIGN_IDENTITY = "-";
				COPY_PHASE_STRIP = NO;
				DEBUG_INFORMATION_FORMAT = dwarf;
				ENABLE_STRICT_OBJC_MSGSEND = YES;
				GCC_C_LANGUAGE_STANDARD = gnu99;
				GCC_DYNAMIC_NO_PIC = NO;
				GCC_NO_COMMON_BLOCKS = YES;
				GCC_OPTIMIZATION_LEVEL = 0;
				GCC_PREPROCESSOR_DEFINITIONS = (
					"DEBUG=1",
					"$(inherited)",
				);
				GCC_SYMBOLS_PRIVATE_EXTERN = NO;
				GCC_WARN_64_TO_32_BIT_CONVERSION = YES;
				GCC_WARN_ABOUT_RETURN_TYPE = YES_ERROR;
				GCC_WARN_UNDECLARED_SELECTOR = YES;
				GCC_WARN_UNINITIALIZED_AUTOS = YES_AGGRESSIVE;
				GCC_WARN_UNUSED_FUNCTION = YES;
				GCC_WARN_UNUSED_VARIABLE = YES;
				HEADER_SEARCH_PATHS = (
					"$(inherited)",
					/Applications/Xcode.app/Contents/Developer/Toolchains/XcodeDefault.xctoolchain/usr/include,
				);
				MACOSX_DEPLOYMENT_TARGET = 10.10;
				MTL_ENABLE_DEBUG_INFO = YES;
				ONLY_ACTIVE_ARCH = YES;
				SDKROOT = macosx;
			};
			name = Debug;
		};
		A59C7CCD1B79F20F00EE41D9 /* Release */ = {
			isa = XCBuildConfiguration;
			buildSettings = {
				ALWAYS_SEARCH_USER_PATHS = NO;
				CLANG_CXX_LANGUAGE_STANDARD = "gnu++0x";
				CLANG_CXX_LIBRARY = "libc++";
				CLANG_ENABLE_MODULES = YES;
				CLANG_ENABLE_OBJC_ARC = YES;
				CLANG_WARN_BOOL_CONVERSION = YES;
				CLANG_WARN_CONSTANT_CONVERSION = YES;
				CLANG_WARN_DIRECT_OBJC_ISA_USAGE = YES_ERROR;
				CLANG_WARN_EMPTY_BODY = YES;
				CLANG_WARN_ENUM_CONVERSION = YES;
				CLANG_WARN_INT_CONVERSION = YES;
				CLANG_WARN_OBJC_ROOT_CLASS = YES_ERROR;
				CLANG_WARN_UNREACHABLE_CODE = YES;
				CLANG_WARN__DUPLICATE_METHOD_MATCH = YES;
				CODE_SIGN_IDENTITY = "-";
				COPY_PHASE_STRIP = NO;
				DEBUG_INFORMATION_FORMAT = "dwarf-with-dsym";
				ENABLE_NS_ASSERTIONS = NO;
				ENABLE_STRICT_OBJC_MSGSEND = YES;
				GCC_C_LANGUAGE_STANDARD = gnu99;
				GCC_NO_COMMON_BLOCKS = YES;
				GCC_WARN_64_TO_32_BIT_CONVERSION = YES;
				GCC_WARN_ABOUT_RETURN_TYPE = YES_ERROR;
				GCC_WARN_UNDECLARED_SELECTOR = YES;
				GCC_WARN_UNINITIALIZED_AUTOS = YES_AGGRESSIVE;
				GCC_WARN_UNUSED_FUNCTION = YES;
				GCC_WARN_UNUSED_VARIABLE = YES;
				MACOSX_DEPLOYMENT_TARGET = 10.10;
				MTL_ENABLE_DEBUG_INFO = NO;
				SDKROOT = macosx;
			};
			name = Release;
		};
		A59C7CCF1B79F20F00EE41D9 /* Debug */ = {
			isa = XCBuildConfiguration;
			buildSettings = {
				ASSETCATALOG_COMPILER_APPICON_NAME = AppIcon;
				COMBINE_HIDPI_IMAGES = YES;
				HEADER_SEARCH_PATHS = (
					"$(inherited)",
					/Applications/Xcode.app/Contents/Developer/Toolchains/XcodeDefault.xctoolchain/usr/include,
					"$(SDKROOT)/usr/include/libxml2",
				);
				INFOPLIST_FILE = Twitterty/Info.plist;
				LD_RUNPATH_SEARCH_PATHS = "$(inherited) @executable_path/../Frameworks";
				PRODUCT_NAME = "$(TARGET_NAME)";
			};
			name = Debug;
		};
		A59C7CD01B79F20F00EE41D9 /* Release */ = {
			isa = XCBuildConfiguration;
			buildSettings = {
				ASSETCATALOG_COMPILER_APPICON_NAME = AppIcon;
				COMBINE_HIDPI_IMAGES = YES;
				INFOPLIST_FILE = Twitterty/Info.plist;
				LD_RUNPATH_SEARCH_PATHS = "$(inherited) @executable_path/../Frameworks";
				PRODUCT_NAME = "$(TARGET_NAME)";
			};
			name = Release;
		};
		A59C7CD21B79F20F00EE41D9 /* Debug */ = {
			isa = XCBuildConfiguration;
			buildSettings = {
				BUNDLE_LOADER = "$(TEST_HOST)";
				COMBINE_HIDPI_IMAGES = YES;
				FRAMEWORK_SEARCH_PATHS = (
					"$(DEVELOPER_FRAMEWORKS_DIR)",
					"$(inherited)",
				);
				GCC_PREPROCESSOR_DEFINITIONS = (
					"DEBUG=1",
					"$(inherited)",
				);
				INFOPLIST_FILE = TwittertyTests/Info.plist;
				LD_RUNPATH_SEARCH_PATHS = "$(inherited) @executable_path/../Frameworks @loader_path/../Frameworks";
				PRODUCT_NAME = "$(TARGET_NAME)";
				TEST_HOST = "$(BUILT_PRODUCTS_DIR)/Twitterty.app/Contents/MacOS/Twitterty";
			};
			name = Debug;
		};
		A59C7CD31B79F20F00EE41D9 /* Release */ = {
			isa = XCBuildConfiguration;
			buildSettings = {
				BUNDLE_LOADER = "$(TEST_HOST)";
				COMBINE_HIDPI_IMAGES = YES;
				FRAMEWORK_SEARCH_PATHS = (
					"$(DEVELOPER_FRAMEWORKS_DIR)",
					"$(inherited)",
				);
				INFOPLIST_FILE = TwittertyTests/Info.plist;
				LD_RUNPATH_SEARCH_PATHS = "$(inherited) @executable_path/../Frameworks @loader_path/../Frameworks";
				PRODUCT_NAME = "$(TARGET_NAME)";
				TEST_HOST = "$(BUILT_PRODUCTS_DIR)/Twitterty.app/Contents/MacOS/Twitterty";
			};
			name = Release;
		};
/* End XCBuildConfiguration section */

/* Begin XCConfigurationList section */
		A59C7CAC1B79F20E00EE41D9 /* Build configuration list for PBXProject "Twitterty" */ = {
			isa = XCConfigurationList;
			buildConfigurations = (
				A59C7CCC1B79F20F00EE41D9 /* Debug */,
				A59C7CCD1B79F20F00EE41D9 /* Release */,
			);
			defaultConfigurationIsVisible = 0;
			defaultConfigurationName = Release;
		};
		A59C7CCE1B79F20F00EE41D9 /* Build configuration list for PBXNativeTarget "Twitterty" */ = {
			isa = XCConfigurationList;
			buildConfigurations = (
				A59C7CCF1B79F20F00EE41D9 /* Debug */,
				A59C7CD01B79F20F00EE41D9 /* Release */,
			);
			defaultConfigurationIsVisible = 0;
			defaultConfigurationName = Release;
		};
		A59C7CD11B79F20F00EE41D9 /* Build configuration list for PBXNativeTarget "TwittertyTests" */ = {
			isa = XCConfigurationList;
			buildConfigurations = (
				A59C7CD21B79F20F00EE41D9 /* Debug */,
				A59C7CD31B79F20F00EE41D9 /* Release */,
			);
			defaultConfigurationIsVisible = 0;
			defaultConfigurationName = Release;
		};
/* End XCConfigurationList section */
	};
	rootObject = A59C7CA91B79F20E00EE41D9 /* Project object */;
}
